
Microsoft Visual Studio Solution File, Format Version 12.00
Project("{FAE04EC0-301F-11D3-BF4B-00C04F79EFBC}") = "matching", "matching\matching.csproj", "{1D59F6EC-404D-4BD8-9EB2-12DF0750C51F}"
EndProject
Global
	GlobalSection(SolutionConfigurationPlatforms) = preSolution
		Debug|Any CPU = Debug|Any CPU
		Release|Any CPU = Release|Any CPU
	EndGlobalSection
	GlobalSection(ProjectConfigurationPlatforms) = postSolution
		{1D59F6EC-404D-4BD8-9EB2-12DF0750C51F}.Debug|Any CPU.ActiveCfg = Debug|Any CPU
		{1D59F6EC-404D-4BD8-9EB2-12DF0750C51F}.Debug|Any CPU.Build.0 = Debug|Any CPU
		{1D59F6EC-404D-4BD8-9EB2-12DF0750C51F}.Release|Any CPU.ActiveCfg = Release|Any CPU
		{1D59F6EC-404D-4BD8-9EB2-12DF0750C51F}.Release|Any CPU.Build.0 = Release|Any CPU
	EndGlobalSection
EndGlobal
