
Microsoft Visual Studio Solution File, Format Version 12.00
Project("{FAE04EC0-301F-11D3-BF4B-00C04F79EFBC}") = "hashing", "hashing\hashing.csproj", "{9B638858-BE6C-4E57-81AA-AA217A62BB6E}"
EndProject
Global
	GlobalSection(SolutionConfigurationPlatforms) = preSolution
		Debug|Any CPU = Debug|Any CPU
		Release|Any CPU = Release|Any CPU
	EndGlobalSection
	GlobalSection(ProjectConfigurationPlatforms) = postSolution
		{9B638858-BE6C-4E57-81AA-AA217A62BB6E}.Debug|Any CPU.ActiveCfg = Debug|Any CPU
		{9B638858-BE6C-4E57-81AA-AA217A62BB6E}.Debug|Any CPU.Build.0 = Debug|Any CPU
		{9B638858-BE6C-4E57-81AA-AA217A62BB6E}.Release|Any CPU.ActiveCfg = Release|Any CPU
		{9B638858-BE6C-4E57-81AA-AA217A62BB6E}.Release|Any CPU.Build.0 = Release|Any CPU
	EndGlobalSection
EndGlobal
