
Microsoft Visual Studio Solution File, Format Version 12.00
Project("{FAE04EC0-301F-11D3-BF4B-00C04F79EFBC}") = "shortest-paths", "shortest-paths\shortest-paths.csproj", "{B73170A7-257D-4B76-8759-31E33C39D83E}"
EndProject
Global
	GlobalSection(SolutionConfigurationPlatforms) = preSolution
		Debug|Any CPU = Debug|Any CPU
		Release|Any CPU = Release|Any CPU
	EndGlobalSection
	GlobalSection(ProjectConfigurationPlatforms) = postSolution
		{B73170A7-257D-4B76-8759-31E33C39D83E}.Debug|Any CPU.ActiveCfg = Debug|Any CPU
		{B73170A7-257D-4B76-8759-31E33C39D83E}.Debug|Any CPU.Build.0 = Debug|Any CPU
		{B73170A7-257D-4B76-8759-31E33C39D83E}.Release|Any CPU.ActiveCfg = Release|Any CPU
		{B73170A7-257D-4B76-8759-31E33C39D83E}.Release|Any CPU.Build.0 = Release|Any CPU
	EndGlobalSection
EndGlobal
